
Microsoft Visual Studio Solution File, Format Version 12.00
# Visual Studio Version 16
VisualStudioVersion = 16.0.29418.71
MinimumVisualStudioVersion = 10.0.40219.1
Project("{FAE04EC0-301F-11D3-BF4B-00C04F79EFBC}") = "MyApp.Common", "MyApp.Common\MyApp.Common.csproj", "{D06E180F-725E-45C6-B749-90EC8CD5ACB9}"
EndProject
Project("{FAE04EC0-301F-11D3-BF4B-00C04F79EFBC}") = "MyApp.Web", "MyApp.Web\MyApp.Web.csproj", "{AE493DE3-E9BC-4ECC-A0F8-E219F2DCC0DC}"
EndProject
Global
	GlobalSection(SolutionConfigurationPlatforms) = preSolution
		Debug|Any CPU = Debug|Any CPU
		Release|Any CPU = Release|Any CPU
	EndGlobalSection
	GlobalSection(ProjectConfigurationPlatforms) = postSolution
		{D06E180F-725E-45C6-B749-90EC8CD5ACB9}.Debug|Any CPU.ActiveCfg = Debug|Any CPU
		{D06E180F-725E-45C6-B749-90EC8CD5ACB9}.Debug|Any CPU.Build.0 = Debug|Any CPU
		{D06E180F-725E-45C6-B749-90EC8CD5ACB9}.Release|Any CPU.ActiveCfg = Release|Any CPU
		{D06E180F-725E-45C6-B749-90EC8CD5ACB9}.Release|Any CPU.Build.0 = Release|Any CPU
		{AE493DE3-E9BC-4ECC-A0F8-E219F2DCC0DC}.Debug|Any CPU.ActiveCfg = Debug|Any CPU
		{AE493DE3-E9BC-4ECC-A0F8-E219F2DCC0DC}.Debug|Any CPU.Build.0 = Debug|Any CPU
		{AE493DE3-E9BC-4ECC-A0F8-E219F2DCC0DC}.Release|Any CPU.ActiveCfg = Release|Any CPU
		{AE493DE3-E9BC-4ECC-A0F8-E219F2DCC0DC}.Release|Any CPU.Build.0 = Release|Any CPU
	EndGlobalSection
	GlobalSection(SolutionProperties) = preSolution
		HideSolutionNode = FALSE
	EndGlobalSection
	GlobalSection(ExtensibilityGlobals) = postSolution
		SolutionGuid = {0A834FA2-90A4-4FA8-8E24-A349813CC936}
	EndGlobalSection
EndGlobal
