
Microsoft Visual Studio Solution File, Format Version 12.00
# Visual Studio Version 16
VisualStudioVersion = 16.0.29418.71
MinimumVisualStudioVersion = 10.0.40219.1
Project("{9A19103F-16F7-4668-BE54-9A1E7A4F7556}") = "MyApp.Common", "MyApp.Common\MyApp.Common.csproj", "{D06E180F-725E-45C6-B749-90EC8CD5ACB9}"
EndProject
Project("{9A19103F-16F7-4668-BE54-9A1E7A4F7556}") = "MyApp.Web", "MyApp.Web\MyApp.Web.csproj", "{AE493DE3-E9BC-4ECC-A0F8-E219F2DCC0DC}"
EndProject
Project("{FAE04EC0-301F-11D3-BF4B-00C04F79EFBC}") = "MyApp.Prism", "MyApp.Prism\MyApp.Prism\MyApp.Prism.csproj", "{D6480C6F-7703-4831-B562-C3BEFC132738}"
EndProject
Project("{FAE04EC0-301F-11D3-BF4B-00C04F79EFBC}") = "MyApp.Prism.Android", "MyApp.Prism\MyApp.Prism.Android\MyApp.Prism.Android.csproj", "{5BBF3E9D-6121-41AC-B013-78C64A89987C}"
EndProject
Project("{FAE04EC0-301F-11D3-BF4B-00C04F79EFBC}") = "MyApp.Prism.iOS", "MyApp.Prism\MyApp.Prism.iOS\MyApp.Prism.iOS.csproj", "{7387D299-DA88-438F-9D47-35B02290A8A6}"
EndProject
Global
	GlobalSection(SolutionConfigurationPlatforms) = preSolution
		Ad-Hoc|Any CPU = Ad-Hoc|Any CPU
		Ad-Hoc|iPhone = Ad-Hoc|iPhone
		Ad-Hoc|iPhoneSimulator = Ad-Hoc|iPhoneSimulator
		AppStore|Any CPU = AppStore|Any CPU
		AppStore|iPhone = AppStore|iPhone
		AppStore|iPhoneSimulator = AppStore|iPhoneSimulator
		Debug|Any CPU = Debug|Any CPU
		Debug|iPhone = Debug|iPhone
		Debug|iPhoneSimulator = Debug|iPhoneSimulator
		Release|Any CPU = Release|Any CPU
		Release|iPhone = Release|iPhone
		Release|iPhoneSimulator = Release|iPhoneSimulator
	EndGlobalSection
	GlobalSection(ProjectConfigurationPlatforms) = postSolution
		{D06E180F-725E-45C6-B749-90EC8CD5ACB9}.Ad-Hoc|Any CPU.ActiveCfg = Release|Any CPU
		{D06E180F-725E-45C6-B749-90EC8CD5ACB9}.Ad-Hoc|Any CPU.Build.0 = Release|Any CPU
		{D06E180F-725E-45C6-B749-90EC8CD5ACB9}.Ad-Hoc|iPhone.ActiveCfg = Release|Any CPU
		{D06E180F-725E-45C6-B749-90EC8CD5ACB9}.Ad-Hoc|iPhone.Build.0 = Release|Any CPU
		{D06E180F-725E-45C6-B749-90EC8CD5ACB9}.Ad-Hoc|iPhoneSimulator.ActiveCfg = Release|Any CPU
		{D06E180F-725E-45C6-B749-90EC8CD5ACB9}.Ad-Hoc|iPhoneSimulator.Build.0 = Release|Any CPU
		{D06E180F-725E-45C6-B749-90EC8CD5ACB9}.AppStore|Any CPU.ActiveCfg = Release|Any CPU
		{D06E180F-725E-45C6-B749-90EC8CD5ACB9}.AppStore|Any CPU.Build.0 = Release|Any CPU
		{D06E180F-725E-45C6-B749-90EC8CD5ACB9}.AppStore|iPhone.ActiveCfg = Release|Any CPU
		{D06E180F-725E-45C6-B749-90EC8CD5ACB9}.AppStore|iPhone.Build.0 = Release|Any CPU
		{D06E180F-725E-45C6-B749-90EC8CD5ACB9}.AppStore|iPhoneSimulator.ActiveCfg = Release|Any CPU
		{D06E180F-725E-45C6-B749-90EC8CD5ACB9}.AppStore|iPhoneSimulator.Build.0 = Release|Any CPU
		{D06E180F-725E-45C6-B749-90EC8CD5ACB9}.Debug|Any CPU.ActiveCfg = Debug|Any CPU
		{D06E180F-725E-45C6-B749-90EC8CD5ACB9}.Debug|Any CPU.Build.0 = Debug|Any CPU
		{D06E180F-725E-45C6-B749-90EC8CD5ACB9}.Debug|iPhone.ActiveCfg = Debug|Any CPU
		{D06E180F-725E-45C6-B749-90EC8CD5ACB9}.Debug|iPhone.Build.0 = Debug|Any CPU
		{D06E180F-725E-45C6-B749-90EC8CD5ACB9}.Debug|iPhoneSimulator.ActiveCfg = Debug|Any CPU
		{D06E180F-725E-45C6-B749-90EC8CD5ACB9}.Debug|iPhoneSimulator.Build.0 = Debug|Any CPU
		{D06E180F-725E-45C6-B749-90EC8CD5ACB9}.Release|Any CPU.ActiveCfg = Release|Any CPU
		{D06E180F-725E-45C6-B749-90EC8CD5ACB9}.Release|Any CPU.Build.0 = Release|Any CPU
		{D06E180F-725E-45C6-B749-90EC8CD5ACB9}.Release|iPhone.ActiveCfg = Release|Any CPU
		{D06E180F-725E-45C6-B749-90EC8CD5ACB9}.Release|iPhone.Build.0 = Release|Any CPU
		{D06E180F-725E-45C6-B749-90EC8CD5ACB9}.Release|iPhoneSimulator.ActiveCfg = Release|Any CPU
		{D06E180F-725E-45C6-B749-90EC8CD5ACB9}.Release|iPhoneSimulator.Build.0 = Release|Any CPU
		{AE493DE3-E9BC-4ECC-A0F8-E219F2DCC0DC}.Ad-Hoc|Any CPU.ActiveCfg = Release|Any CPU
		{AE493DE3-E9BC-4ECC-A0F8-E219F2DCC0DC}.Ad-Hoc|Any CPU.Build.0 = Release|Any CPU
		{AE493DE3-E9BC-4ECC-A0F8-E219F2DCC0DC}.Ad-Hoc|iPhone.ActiveCfg = Release|Any CPU
		{AE493DE3-E9BC-4ECC-A0F8-E219F2DCC0DC}.Ad-Hoc|iPhone.Build.0 = Release|Any CPU
		{AE493DE3-E9BC-4ECC-A0F8-E219F2DCC0DC}.Ad-Hoc|iPhoneSimulator.ActiveCfg = Release|Any CPU
		{AE493DE3-E9BC-4ECC-A0F8-E219F2DCC0DC}.Ad-Hoc|iPhoneSimulator.Build.0 = Release|Any CPU
		{AE493DE3-E9BC-4ECC-A0F8-E219F2DCC0DC}.AppStore|Any CPU.ActiveCfg = Release|Any CPU
		{AE493DE3-E9BC-4ECC-A0F8-E219F2DCC0DC}.AppStore|Any CPU.Build.0 = Release|Any CPU
		{AE493DE3-E9BC-4ECC-A0F8-E219F2DCC0DC}.AppStore|iPhone.ActiveCfg = Release|Any CPU
		{AE493DE3-E9BC-4ECC-A0F8-E219F2DCC0DC}.AppStore|iPhone.Build.0 = Release|Any CPU
		{AE493DE3-E9BC-4ECC-A0F8-E219F2DCC0DC}.AppStore|iPhoneSimulator.ActiveCfg = Release|Any CPU
		{AE493DE3-E9BC-4ECC-A0F8-E219F2DCC0DC}.AppStore|iPhoneSimulator.Build.0 = Release|Any CPU
		{AE493DE3-E9BC-4ECC-A0F8-E219F2DCC0DC}.Debug|Any CPU.ActiveCfg = Debug|Any CPU
		{AE493DE3-E9BC-4ECC-A0F8-E219F2DCC0DC}.Debug|Any CPU.Build.0 = Debug|Any CPU
		{AE493DE3-E9BC-4ECC-A0F8-E219F2DCC0DC}.Debug|iPhone.ActiveCfg = Debug|Any CPU
		{AE493DE3-E9BC-4ECC-A0F8-E219F2DCC0DC}.Debug|iPhone.Build.0 = Debug|Any CPU
		{AE493DE3-E9BC-4ECC-A0F8-E219F2DCC0DC}.Debug|iPhoneSimulator.ActiveCfg = Debug|Any CPU
		{AE493DE3-E9BC-4ECC-A0F8-E219F2DCC0DC}.Debug|iPhoneSimulator.Build.0 = Debug|Any CPU
		{AE493DE3-E9BC-4ECC-A0F8-E219F2DCC0DC}.Release|Any CPU.ActiveCfg = Release|Any CPU
		{AE493DE3-E9BC-4ECC-A0F8-E219F2DCC0DC}.Release|Any CPU.Build.0 = Release|Any CPU
		{AE493DE3-E9BC-4ECC-A0F8-E219F2DCC0DC}.Release|iPhone.ActiveCfg = Release|Any CPU
		{AE493DE3-E9BC-4ECC-A0F8-E219F2DCC0DC}.Release|iPhone.Build.0 = Release|Any CPU
		{AE493DE3-E9BC-4ECC-A0F8-E219F2DCC0DC}.Release|iPhoneSimulator.ActiveCfg = Release|Any CPU
		{AE493DE3-E9BC-4ECC-A0F8-E219F2DCC0DC}.Release|iPhoneSimulator.Build.0 = Release|Any CPU
		{D6480C6F-7703-4831-B562-C3BEFC132738}.Ad-Hoc|Any CPU.ActiveCfg = Debug|Any CPU
		{D6480C6F-7703-4831-B562-C3BEFC132738}.Ad-Hoc|Any CPU.Build.0 = Debug|Any CPU
		{D6480C6F-7703-4831-B562-C3BEFC132738}.Ad-Hoc|iPhone.ActiveCfg = Debug|Any CPU
		{D6480C6F-7703-4831-B562-C3BEFC132738}.Ad-Hoc|iPhone.Build.0 = Debug|Any CPU
		{D6480C6F-7703-4831-B562-C3BEFC132738}.Ad-Hoc|iPhoneSimulator.ActiveCfg = Debug|Any CPU
		{D6480C6F-7703-4831-B562-C3BEFC132738}.Ad-Hoc|iPhoneSimulator.Build.0 = Debug|Any CPU
		{D6480C6F-7703-4831-B562-C3BEFC132738}.AppStore|Any CPU.ActiveCfg = Debug|Any CPU
		{D6480C6F-7703-4831-B562-C3BEFC132738}.AppStore|Any CPU.Build.0 = Debug|Any CPU
		{D6480C6F-7703-4831-B562-C3BEFC132738}.AppStore|iPhone.ActiveCfg = Debug|Any CPU
		{D6480C6F-7703-4831-B562-C3BEFC132738}.AppStore|iPhone.Build.0 = Debug|Any CPU
		{D6480C6F-7703-4831-B562-C3BEFC132738}.AppStore|iPhoneSimulator.ActiveCfg = Debug|Any CPU
		{D6480C6F-7703-4831-B562-C3BEFC132738}.AppStore|iPhoneSimulator.Build.0 = Debug|Any CPU
		{D6480C6F-7703-4831-B562-C3BEFC132738}.Debug|Any CPU.ActiveCfg = Debug|Any CPU
		{D6480C6F-7703-4831-B562-C3BEFC132738}.Debug|Any CPU.Build.0 = Debug|Any CPU
		{D6480C6F-7703-4831-B562-C3BEFC132738}.Debug|iPhone.ActiveCfg = Debug|Any CPU
		{D6480C6F-7703-4831-B562-C3BEFC132738}.Debug|iPhone.Build.0 = Debug|Any CPU
		{D6480C6F-7703-4831-B562-C3BEFC132738}.Debug|iPhoneSimulator.ActiveCfg = Debug|Any CPU
		{D6480C6F-7703-4831-B562-C3BEFC132738}.Debug|iPhoneSimulator.Build.0 = Debug|Any CPU
		{D6480C6F-7703-4831-B562-C3BEFC132738}.Release|Any CPU.ActiveCfg = Release|Any CPU
		{D6480C6F-7703-4831-B562-C3BEFC132738}.Release|Any CPU.Build.0 = Release|Any CPU
		{D6480C6F-7703-4831-B562-C3BEFC132738}.Release|iPhone.ActiveCfg = Release|Any CPU
		{D6480C6F-7703-4831-B562-C3BEFC132738}.Release|iPhone.Build.0 = Release|Any CPU
		{D6480C6F-7703-4831-B562-C3BEFC132738}.Release|iPhoneSimulator.ActiveCfg = Release|Any CPU
		{D6480C6F-7703-4831-B562-C3BEFC132738}.Release|iPhoneSimulator.Build.0 = Release|Any CPU
		{5BBF3E9D-6121-41AC-B013-78C64A89987C}.Ad-Hoc|Any CPU.ActiveCfg = Release|Any CPU
		{5BBF3E9D-6121-41AC-B013-78C64A89987C}.Ad-Hoc|Any CPU.Build.0 = Release|Any CPU
		{5BBF3E9D-6121-41AC-B013-78C64A89987C}.Ad-Hoc|Any CPU.Deploy.0 = Release|Any CPU
		{5BBF3E9D-6121-41AC-B013-78C64A89987C}.Ad-Hoc|iPhone.ActiveCfg = Release|Any CPU
		{5BBF3E9D-6121-41AC-B013-78C64A89987C}.Ad-Hoc|iPhone.Build.0 = Release|Any CPU
		{5BBF3E9D-6121-41AC-B013-78C64A89987C}.Ad-Hoc|iPhone.Deploy.0 = Release|Any CPU
		{5BBF3E9D-6121-41AC-B013-78C64A89987C}.Ad-Hoc|iPhoneSimulator.ActiveCfg = Release|Any CPU
		{5BBF3E9D-6121-41AC-B013-78C64A89987C}.Ad-Hoc|iPhoneSimulator.Build.0 = Release|Any CPU
		{5BBF3E9D-6121-41AC-B013-78C64A89987C}.Ad-Hoc|iPhoneSimulator.Deploy.0 = Release|Any CPU
		{5BBF3E9D-6121-41AC-B013-78C64A89987C}.AppStore|Any CPU.ActiveCfg = Release|Any CPU
		{5BBF3E9D-6121-41AC-B013-78C64A89987C}.AppStore|Any CPU.Build.0 = Release|Any CPU
		{5BBF3E9D-6121-41AC-B013-78C64A89987C}.AppStore|Any CPU.Deploy.0 = Release|Any CPU
		{5BBF3E9D-6121-41AC-B013-78C64A89987C}.AppStore|iPhone.ActiveCfg = Release|Any CPU
		{5BBF3E9D-6121-41AC-B013-78C64A89987C}.AppStore|iPhone.Build.0 = Release|Any CPU
		{5BBF3E9D-6121-41AC-B013-78C64A89987C}.AppStore|iPhone.Deploy.0 = Release|Any CPU
		{5BBF3E9D-6121-41AC-B013-78C64A89987C}.AppStore|iPhoneSimulator.ActiveCfg = Release|Any CPU
		{5BBF3E9D-6121-41AC-B013-78C64A89987C}.AppStore|iPhoneSimulator.Build.0 = Release|Any CPU
		{5BBF3E9D-6121-41AC-B013-78C64A89987C}.AppStore|iPhoneSimulator.Deploy.0 = Release|Any CPU
		{5BBF3E9D-6121-41AC-B013-78C64A89987C}.Debug|Any CPU.ActiveCfg = Debug|Any CPU
		{5BBF3E9D-6121-41AC-B013-78C64A89987C}.Debug|Any CPU.Build.0 = Debug|Any CPU
		{5BBF3E9D-6121-41AC-B013-78C64A89987C}.Debug|Any CPU.Deploy.0 = Debug|Any CPU
		{5BBF3E9D-6121-41AC-B013-78C64A89987C}.Debug|iPhone.ActiveCfg = Debug|Any CPU
		{5BBF3E9D-6121-41AC-B013-78C64A89987C}.Debug|iPhone.Build.0 = Debug|Any CPU
		{5BBF3E9D-6121-41AC-B013-78C64A89987C}.Debug|iPhone.Deploy.0 = Debug|Any CPU
		{5BBF3E9D-6121-41AC-B013-78C64A89987C}.Debug|iPhoneSimulator.ActiveCfg = Debug|Any CPU
		{5BBF3E9D-6121-41AC-B013-78C64A89987C}.Debug|iPhoneSimulator.Build.0 = Debug|Any CPU
		{5BBF3E9D-6121-41AC-B013-78C64A89987C}.Debug|iPhoneSimulator.Deploy.0 = Debug|Any CPU
		{5BBF3E9D-6121-41AC-B013-78C64A89987C}.Release|Any CPU.ActiveCfg = Release|Any CPU
		{5BBF3E9D-6121-41AC-B013-78C64A89987C}.Release|Any CPU.Build.0 = Release|Any CPU
		{5BBF3E9D-6121-41AC-B013-78C64A89987C}.Release|Any CPU.Deploy.0 = Release|Any CPU
		{5BBF3E9D-6121-41AC-B013-78C64A89987C}.Release|iPhone.ActiveCfg = Release|Any CPU
		{5BBF3E9D-6121-41AC-B013-78C64A89987C}.Release|iPhone.Build.0 = Release|Any CPU
		{5BBF3E9D-6121-41AC-B013-78C64A89987C}.Release|iPhone.Deploy.0 = Release|Any CPU
		{5BBF3E9D-6121-41AC-B013-78C64A89987C}.Release|iPhoneSimulator.ActiveCfg = Release|Any CPU
		{5BBF3E9D-6121-41AC-B013-78C64A89987C}.Release|iPhoneSimulator.Build.0 = Release|Any CPU
		{5BBF3E9D-6121-41AC-B013-78C64A89987C}.Release|iPhoneSimulator.Deploy.0 = Release|Any CPU
		{7387D299-DA88-438F-9D47-35B02290A8A6}.Ad-Hoc|Any CPU.ActiveCfg = Ad-Hoc|iPhone
		{7387D299-DA88-438F-9D47-35B02290A8A6}.Ad-Hoc|iPhone.ActiveCfg = Ad-Hoc|iPhone
		{7387D299-DA88-438F-9D47-35B02290A8A6}.Ad-Hoc|iPhone.Build.0 = Ad-Hoc|iPhone
		{7387D299-DA88-438F-9D47-35B02290A8A6}.Ad-Hoc|iPhoneSimulator.ActiveCfg = Ad-Hoc|iPhoneSimulator
		{7387D299-DA88-438F-9D47-35B02290A8A6}.Ad-Hoc|iPhoneSimulator.Build.0 = Ad-Hoc|iPhoneSimulator
		{7387D299-DA88-438F-9D47-35B02290A8A6}.AppStore|Any CPU.ActiveCfg = AppStore|iPhone
		{7387D299-DA88-438F-9D47-35B02290A8A6}.AppStore|iPhone.ActiveCfg = AppStore|iPhone
		{7387D299-DA88-438F-9D47-35B02290A8A6}.AppStore|iPhone.Build.0 = AppStore|iPhone
		{7387D299-DA88-438F-9D47-35B02290A8A6}.AppStore|iPhoneSimulator.ActiveCfg = AppStore|iPhoneSimulator
		{7387D299-DA88-438F-9D47-35B02290A8A6}.AppStore|iPhoneSimulator.Build.0 = AppStore|iPhoneSimulator
		{7387D299-DA88-438F-9D47-35B02290A8A6}.Debug|Any CPU.ActiveCfg = Debug|iPhone
		{7387D299-DA88-438F-9D47-35B02290A8A6}.Debug|iPhone.ActiveCfg = Debug|iPhone
		{7387D299-DA88-438F-9D47-35B02290A8A6}.Debug|iPhone.Build.0 = Debug|iPhone
		{7387D299-DA88-438F-9D47-35B02290A8A6}.Debug|iPhoneSimulator.ActiveCfg = Debug|iPhoneSimulator
		{7387D299-DA88-438F-9D47-35B02290A8A6}.Debug|iPhoneSimulator.Build.0 = Debug|iPhoneSimulator
		{7387D299-DA88-438F-9D47-35B02290A8A6}.Release|Any CPU.ActiveCfg = Release|iPhone
		{7387D299-DA88-438F-9D47-35B02290A8A6}.Release|iPhone.ActiveCfg = Release|iPhone
		{7387D299-DA88-438F-9D47-35B02290A8A6}.Release|iPhone.Build.0 = Release|iPhone
		{7387D299-DA88-438F-9D47-35B02290A8A6}.Release|iPhoneSimulator.ActiveCfg = Release|iPhoneSimulator
		{7387D299-DA88-438F-9D47-35B02290A8A6}.Release|iPhoneSimulator.Build.0 = Release|iPhoneSimulator
	EndGlobalSection
	GlobalSection(SolutionProperties) = preSolution
		HideSolutionNode = FALSE
	EndGlobalSection
	GlobalSection(ExtensibilityGlobals) = postSolution
		SolutionGuid = {0A834FA2-90A4-4FA8-8E24-A349813CC936}
	EndGlobalSection
EndGlobal
